{
  "nodes": {
    "hix": {
      "inputs": {
        "nixpkgs": "nixpkgs"
      },
      "locked": {
        "lastModified": 1698691616,
        "narHash": "sha256-nlZlxp6UQju+c5J+mvj4Orz+Xmew5A7lJY4HhMd/n3M=",
        "ref": "refs/heads/main",
        "rev": "b0c5fd50d00da7b04b4d70008c94ba494aad7286",
        "revCount": 610,
        "type": "git",
        "url": "https://git.tryp.io/tek/hix"
      },
      "original": {
        "type": "git",
        "url": "https://git.tryp.io/tek/hix"
      }
    },
    "nixpkgs": {
      "locked": {
        "lastModified": 1695318763,
        "narHash": "sha256-FHVPDRP2AfvsxAdc+AsgFJevMz5VBmnZglFUMlxBkcY=",
        "owner": "nixos",
        "repo": "nixpkgs",
        "rev": "e12483116b3b51a185a33a272bf351e357ba9a99",
        "type": "github"
      },
      "original": {
        "owner": "nixos",
        "repo": "nixpkgs",
        "rev": "e12483116b3b51a185a33a272bf351e357ba9a99",
        "type": "github"
      }
    },
    "ribosome": {
      "inputs": {
        "hix": "hix"
      },
      "locked": {
        "lastModified": 1703727648,
        "narHash": "sha256-9CS0RZ+6HJVIP1dCocDcyogSb6MYA1H0zLs8awqH6Lc=",
        "ref": "refs/heads/main",
        "rev": "e927f3c5f440ee8e22b6c02bf182394f0fff66d1",
        "revCount": 853,
        "type": "git",
        "url": "https://git.tryp.io/tek/ribosome"
      },
      "original": {
        "type": "git",
        "url": "https://git.tryp.io/tek/ribosome"
      }
    },
    "root": {
      "inputs": {
        "ribosome": "ribosome"
      }
    }
  },
  "root": "root",
  "version": 7
}
