{
  "nodes": {
    "hix": {
      "inputs": {
        "nixpkgs": "nixpkgs"
      },
      "locked": {
        "lastModified": 1715038665,
        "narHash": "sha256-A8xleeIJSyDGSI9QMkvHJGZmcCWvaErAXoKSAvNWmlI=",
        "ref": "refs/heads/main",
        "rev": "730df022a57a97ce33fdcf693f4ff5c2136d9425",
        "revCount": 705,
        "type": "git",
        "url": "https://git.tryp.io/tek/hix"
      },
      "original": {
        "type": "git",
        "url": "https://git.tryp.io/tek/hix"
      }
    },
    "nixpkgs": {
      "locked": {
        "lastModified": 1699948764,
        "narHash": "sha256-etefGjZwNF58NmFusFI/4i645HB4ymODXTvWRKOYBA4=",
        "owner": "nixos",
        "repo": "nixpkgs",
        "rev": "4f2bd72692b1aae0a6db485ed3a83d1a933c2cac",
        "type": "github"
      },
      "original": {
        "owner": "nixos",
        "repo": "nixpkgs",
        "rev": "4f2bd72692b1aae0a6db485ed3a83d1a933c2cac",
        "type": "github"
      }
    },
    "ribosome": {
      "inputs": {
        "hix": "hix"
      },
      "locked": {
        "lastModified": 1715040762,
        "narHash": "sha256-Z7IbRnaxo8H5uIxzrhbNVMfrpvMkO1vXFJL2KS+EOFo=",
        "ref": "refs/heads/main",
        "rev": "01c2486d510638201195bb8ddee37b2e47e2416a",
        "revCount": 856,
        "type": "git",
        "url": "https://git.tryp.io/tek/ribosome"
      },
      "original": {
        "type": "git",
        "url": "https://git.tryp.io/tek/ribosome"
      }
    },
    "root": {
      "inputs": {
        "ribosome": "ribosome"
      }
    }
  },
  "root": "root",
  "version": 7
}
