# This file was autogenerated by Stack.
# You should not edit this file by hand.
# For more information, please see the documentation at:
#   https://docs.haskellstack.org/en/stable/lock_files

packages:
- completed:
    hackage: filepattern-0.1.1@sha256:984f43798572e325e9509b3b59fd4ccc2b0f94b8b065585e0505570c98aa1016,2480
    pantry-tree:
      size: 998
      sha256: 9b2829a8c9b47bb5dcee3c6547fcd3867354ed2b0094271e01fb2df89a3fc6fd
  original:
    hackage: filepattern-0.1.1@sha256:984f43798572e325e9509b3b59fd4ccc2b0f94b8b065585e0505570c98aa1016,2480
- completed:
    hackage: fuzzy-0.1.0.0@sha256:123b9581c587ae5422b67bbad7e81186b1ecbf86941a8049f921ddf136f2234e,833
    pantry-tree:
      size: 261
      sha256: 97019c97e95f2a91089acec705243e1fa5b8529ae112658757e0ab3574905f3c
  original:
    hackage: fuzzy-0.1.0.0@sha256:123b9581c587ae5422b67bbad7e81186b1ecbf86941a8049f921ddf136f2234e,833
- completed:
    hackage: messagepack-0.5.4@sha256:49d43a3540bffe0a0e8dc4a335f97046b01de7613cdca8b4c7dc40a330043da5,1961
    pantry-tree:
      size: 431
      sha256: 50860c4325959f45f152c1556baf5306cd83f7cce817f25bcf825a0186a41624
  original:
    hackage: messagepack-0.5.4@sha256:49d43a3540bffe0a0e8dc4a335f97046b01de7613cdca8b4c7dc40a330043da5,1961
- completed:
    hackage: neat-interpolation-0.5.1@sha256:19af6ecc2802c6e94655f91e74aa19dc1e02a73ed7b1292c0fa3f082daaf7124,2989
    pantry-tree:
      size: 566
      sha256: c76046884e00551925c43abda1dc25585a9b90a353c7203a62852df285c0840c
  original:
    hackage: neat-interpolation-0.5.1@sha256:19af6ecc2802c6e94655f91e74aa19dc1e02a73ed7b1292c0fa3f082daaf7124,2989
- completed:
    hackage: posix-pty-0.2.1.1@sha256:f1e54f10c49d9f27dba33539391659d2daa4874badc1554ffc6c25b329ef1db6,2161
    pantry-tree:
      size: 512
      sha256: d8901f7c8c42c767092262da42e1ff1911151310f4cd87f1ee278d168121ecee
  original:
    hackage: posix-pty-0.2.1.1@sha256:f1e54f10c49d9f27dba33539391659d2daa4874badc1554ffc6c25b329ef1db6,2161
- completed:
    hackage: pretty-terminal-0.1.0.0@sha256:e9135d86ebb2a8e3aaf5a79088de4628dbd49988388e0fbfc26c5ecb3c399ad9,1638
    pantry-tree:
      size: 385
      sha256: fecec01e618890c284e57cb873b8f9531f479562b7cf08497aef097da3ef90ec
  original:
    hackage: pretty-terminal-0.1.0.0@sha256:e9135d86ebb2a8e3aaf5a79088de4628dbd49988388e0fbfc26c5ecb3c399ad9,1638
- completed:
    hackage: strings-1.1@sha256:0285dec4c8ab262359342b3e5ef1eb567074669461b9b38404f1cb870c881c5c,161
    pantry-tree:
      size: 212
      sha256: 876e5a679244143e2a7e74357427c7522a8d61f68a4cc3ae265fe4960b75a2e2
  original:
    hackage: strings-1.1@sha256:0285dec4c8ab262359342b3e5ef1eb567074669461b9b38404f1cb870c881c5c,161
- completed:
    size: 70648
    url: https://github.com/neovimhaskell/nvim-hs/archive/6eb110f11a3875da1be9415515014d574834391b.tar.gz
    name: nvim-hs
    version: 2.1.0.3
    sha256: 6550fd22871e401b350ecee252d7678b47b3db65bbe33d1760581c2b684ab6df
    pantry-tree:
      size: 3892
      sha256: 392cd8fba87f2705e6315e77ca0d375d6d8619cb86dfada1a5fa77cc38ad74a2
  original:
    url: https://github.com/neovimhaskell/nvim-hs/archive/6eb110f11a3875da1be9415515014d574834391b.tar.gz
- completed:
    size: 7086
    url: https://github.com/tek/cornea/archive/28c9cc8f2c4beb19f3adaa5aa5cf4aeca5699a7e.tar.gz
    name: cornea
    version: 0.2.2.0
    sha256: 3c4674bfbc48b32d5c5952932cafdb0b7620247e05e544a6c1b4f2f424a3df68
    pantry-tree:
      size: 869
      sha256: d130899e6be3ee01c396c868dd85ebdd383304882b9cb0395fba758019d476de
  original:
    url: https://github.com/tek/cornea/archive/28c9cc8f2c4beb19f3adaa5aa5cf4aeca5699a7e.tar.gz
- completed:
    size: 33101
    url: https://github.com/tek/chiasma/archive/25578d92b19beba962f8e163805a42da94715a8e.tar.gz
    name: chiasma
    version: 0.1.0.0
    sha256: c239bc2ee2ee952dea5e6ecf859151d2c00bb0b72f034f7bfd07e62acfb1dad0
    pantry-tree:
      size: 5451
      sha256: 2e4207523a35c46047d80ebb91911d8741b347480d6a1746c2fece63553088f6
  original:
    url: https://github.com/tek/chiasma/archive/25578d92b19beba962f8e163805a42da94715a8e.tar.gz
- completed:
    name: codex
    version: 0.5.1.2
    git: /home/tek/code/ext/haskell/codex
    pantry-tree:
      size: 1652
      sha256: 4b4f19b9e6f34997dd33548af3794d237bbbeb3acf69be974a4b83e45d661e58
    commit: 79f7e03a5839371558ea7abbc495019a45ce33ad
  original:
    git: /home/tek/code/ext/haskell/codex
    commit: 79f7e03a5839371558ea7abbc495019a45ce33ad
snapshots:
- completed:
    size: 532380
    url: https://raw.githubusercontent.com/commercialhaskell/stackage-snapshots/master/lts/16/16.yaml
    sha256: d6b004b095fe2a0b8b14fbc30014ee97e58843b9c9362ddb9244273dda62649e
  original: lts-16.16
